
Microsoft Visual Studio Solution File, Format Version 12.00
# Visual Studio Version 16
VisualStudioVersion = 16.0.28315.86
MinimumVisualStudioVersion = 10.0.40219.1
Project("{2150E333-8FDC-42A3-9474-1A3956D46DE8}") = "Engine", "Engine", "{233774A8-CC9D-3FA9-86D1-90573E92B704}"
EndProject
Project("{2150E333-8FDC-42A3-9474-1A3956D46DE8}") = "Games", "Games", "{DE1F8B53-6C02-3C13-9101-A7C8D96F3FF6}"
EndProject
Project("{8BC9CEB8-8B4A-11D0-8D11-00A0C91BC942}") = "RobotGame", "Intermediate\ProjectFiles\RobotGame.vcxproj", "{495D7522-4EAF-3026-B107-C772B41E4A3A}"
EndProject
Project("{8BC9CEB8-8B4A-11D0-8D11-00A0C91BC942}") = "UE5", "Intermediate\ProjectFiles\UE5.vcxproj", "{9F0715D0-B4B7-3879-8719-5EDF18B24414}"
EndProject
Project("{2150E333-8FDC-42A3-9474-1A3956D46DE8}") = "Visualizers", "Visualizers", "{1CCEC849-CC72-4C59-8C36-2F7C38706D4C}"
	ProjectSection(SolutionItems) = preProject
		..\..\..\Program Files\EpicGames\UE_5.1\Engine\Extras\VisualStudioDebugging\Unreal.natvis = ..\..\..\Program Files\EpicGames\UE_5.1\Engine\Extras\VisualStudioDebugging\Unreal.natvis
	EndProjectSection
EndProject
Global
	GlobalSection(SolutionConfigurationPlatforms) = preSolution
		DebugGame Editor|IOS = DebugGame Editor|IOS
		DebugGame Editor|Win64 = DebugGame Editor|Win64
		DebugGame|IOS = DebugGame|IOS
		DebugGame|Win64 = DebugGame|Win64
		Development Editor|IOS = Development Editor|IOS
		Development Editor|Win64 = Development Editor|Win64
		Development|IOS = Development|IOS
		Development|Win64 = Development|Win64
		Shipping|IOS = Shipping|IOS
		Shipping|Win64 = Shipping|Win64
	EndGlobalSection
	# UnrealVS Section
	GlobalSection(ddbf523f-7eb6-4887-bd51-85a714ff87eb) = preSolution
		AvailablePlatforms=Win64;IOS
	EndGlobalSection
	GlobalSection(ProjectConfigurationPlatforms) = postSolution
		{495D7522-4EAF-3026-B107-C772B41E4A3A}.DebugGame Editor|IOS.ActiveCfg = Invalid|x64
		{495D7522-4EAF-3026-B107-C772B41E4A3A}.DebugGame Editor|Win64.ActiveCfg = DebugGame_Editor|x64
		{495D7522-4EAF-3026-B107-C772B41E4A3A}.DebugGame Editor|Win64.Build.0 = DebugGame_Editor|x64
		{495D7522-4EAF-3026-B107-C772B41E4A3A}.DebugGame|IOS.ActiveCfg = IOS_DebugGame|Win64
		{495D7522-4EAF-3026-B107-C772B41E4A3A}.DebugGame|IOS.Build.0 = IOS_DebugGame|Win64
		{495D7522-4EAF-3026-B107-C772B41E4A3A}.DebugGame|Win64.ActiveCfg = DebugGame|x64
		{495D7522-4EAF-3026-B107-C772B41E4A3A}.DebugGame|Win64.Build.0 = DebugGame|x64
		{495D7522-4EAF-3026-B107-C772B41E4A3A}.Development Editor|IOS.ActiveCfg = Invalid|x64
		{495D7522-4EAF-3026-B107-C772B41E4A3A}.Development Editor|Win64.ActiveCfg = Development_Editor|x64
		{495D7522-4EAF-3026-B107-C772B41E4A3A}.Development Editor|Win64.Build.0 = Development_Editor|x64
		{495D7522-4EAF-3026-B107-C772B41E4A3A}.Development|IOS.ActiveCfg = IOS_Development|Win64
		{495D7522-4EAF-3026-B107-C772B41E4A3A}.Development|IOS.Build.0 = IOS_Development|Win64
		{495D7522-4EAF-3026-B107-C772B41E4A3A}.Development|Win64.ActiveCfg = Development|x64
		{495D7522-4EAF-3026-B107-C772B41E4A3A}.Development|Win64.Build.0 = Development|x64
		{495D7522-4EAF-3026-B107-C772B41E4A3A}.Shipping|IOS.ActiveCfg = IOS_Shipping|Win64
		{495D7522-4EAF-3026-B107-C772B41E4A3A}.Shipping|IOS.Build.0 = IOS_Shipping|Win64
		{495D7522-4EAF-3026-B107-C772B41E4A3A}.Shipping|Win64.ActiveCfg = Shipping|x64
		{495D7522-4EAF-3026-B107-C772B41E4A3A}.Shipping|Win64.Build.0 = Shipping|x64
		{9F0715D0-B4B7-3879-8719-5EDF18B24414}.DebugGame Editor|IOS.ActiveCfg = BuiltWithUnrealBuildTool|Win64
		{9F0715D0-B4B7-3879-8719-5EDF18B24414}.DebugGame Editor|Win64.ActiveCfg = BuiltWithUnrealBuildTool|Win64
		{9F0715D0-B4B7-3879-8719-5EDF18B24414}.DebugGame|IOS.ActiveCfg = BuiltWithUnrealBuildTool|Win64
		{9F0715D0-B4B7-3879-8719-5EDF18B24414}.DebugGame|Win64.ActiveCfg = BuiltWithUnrealBuildTool|Win64
		{9F0715D0-B4B7-3879-8719-5EDF18B24414}.Development Editor|IOS.ActiveCfg = BuiltWithUnrealBuildTool|Win64
		{9F0715D0-B4B7-3879-8719-5EDF18B24414}.Development Editor|Win64.ActiveCfg = BuiltWithUnrealBuildTool|Win64
		{9F0715D0-B4B7-3879-8719-5EDF18B24414}.Development|IOS.ActiveCfg = BuiltWithUnrealBuildTool|Win64
		{9F0715D0-B4B7-3879-8719-5EDF18B24414}.Development|Win64.ActiveCfg = BuiltWithUnrealBuildTool|Win64
		{9F0715D0-B4B7-3879-8719-5EDF18B24414}.Shipping|IOS.ActiveCfg = BuiltWithUnrealBuildTool|Win64
		{9F0715D0-B4B7-3879-8719-5EDF18B24414}.Shipping|Win64.ActiveCfg = BuiltWithUnrealBuildTool|Win64
	EndGlobalSection
	GlobalSection(SolutionProperties) = preSolution
		HideSolutionNode = FALSE
	EndGlobalSection
	GlobalSection(NestedProjects) = preSolution
		{9F0715D0-B4B7-3879-8719-5EDF18B24414} = {233774A8-CC9D-3FA9-86D1-90573E92B704}
		{495D7522-4EAF-3026-B107-C772B41E4A3A} = {DE1F8B53-6C02-3C13-9101-A7C8D96F3FF6}
	EndGlobalSection
EndGlobal
