
Microsoft Visual Studio Solution File, Format Version 12.00
# Visual Studio Version 16
VisualStudioVersion = 16.0.28315.86
MinimumVisualStudioVersion = 10.0.40219.1
Project("{2150E333-8FDC-42A3-9474-1A3956D46DE8}") = "Engine", "Engine", "{233774A8-CC9D-3FA9-86D1-90573E92B704}"
EndProject
Project("{2150E333-8FDC-42A3-9474-1A3956D46DE8}") = "Games", "Games", "{DE1F8B53-6C02-3C13-9101-A7C8D96F3FF6}"
EndProject
Project("{8BC9CEB8-8B4A-11D0-8D11-00A0C91BC942}") = "UE5", "Intermediate\ProjectFiles\UE5.vcxproj", "{929EB49A-4881-31DD-943D-77A0EBB9DF91}"
EndProject
Project("{8BC9CEB8-8B4A-11D0-8D11-00A0C91BC942}") = "RobotGame", "Intermediate\ProjectFiles\RobotGame.vcxproj", "{C14278E1-7A35-38ED-9B30-7C6631876487}"
EndProject
Project("{2150E333-8FDC-42A3-9474-1A3956D46DE8}") = "Visualizers", "Visualizers", "{1CCEC849-CC72-4C59-8C36-2F7C38706D4C}"
	ProjectSection(SolutionItems) = preProject
		C:\Program Files\Epic Games\UE_5.1\Engine\Extras\VisualStudioDebugging\Unreal.natvis = C:\Program Files\Epic Games\UE_5.1\Engine\Extras\VisualStudioDebugging\Unreal.natvis
	EndProjectSection
EndProject
Global
	GlobalSection(SolutionConfigurationPlatforms) = preSolution
		DebugGame Editor|IOS = DebugGame Editor|IOS
		DebugGame Editor|Linux = DebugGame Editor|Linux
		DebugGame Editor|LinuxArm64 = DebugGame Editor|LinuxArm64
		DebugGame Editor|Win64 = DebugGame Editor|Win64
		DebugGame Server|IOS = DebugGame Server|IOS
		DebugGame Server|Linux = DebugGame Server|Linux
		DebugGame Server|LinuxArm64 = DebugGame Server|LinuxArm64
		DebugGame Server|Win64 = DebugGame Server|Win64
		DebugGame|IOS = DebugGame|IOS
		DebugGame|Linux = DebugGame|Linux
		DebugGame|LinuxArm64 = DebugGame|LinuxArm64
		DebugGame|Win64 = DebugGame|Win64
		Development Editor|IOS = Development Editor|IOS
		Development Editor|Linux = Development Editor|Linux
		Development Editor|LinuxArm64 = Development Editor|LinuxArm64
		Development Editor|Win64 = Development Editor|Win64
		Development Server|IOS = Development Server|IOS
		Development Server|Linux = Development Server|Linux
		Development Server|LinuxArm64 = Development Server|LinuxArm64
		Development Server|Win64 = Development Server|Win64
		Development|IOS = Development|IOS
		Development|Linux = Development|Linux
		Development|LinuxArm64 = Development|LinuxArm64
		Development|Win64 = Development|Win64
		Shipping Server|IOS = Shipping Server|IOS
		Shipping Server|Linux = Shipping Server|Linux
		Shipping Server|LinuxArm64 = Shipping Server|LinuxArm64
		Shipping Server|Win64 = Shipping Server|Win64
		Shipping|IOS = Shipping|IOS
		Shipping|Linux = Shipping|Linux
		Shipping|LinuxArm64 = Shipping|LinuxArm64
		Shipping|Win64 = Shipping|Win64
	EndGlobalSection
	# UnrealVS Section
	GlobalSection(ddbf523f-7eb6-4887-bd51-85a714ff87eb) = preSolution
		AvailablePlatforms=Win64;IOS;Linux;LinuxArm64
	EndGlobalSection
	GlobalSection(ProjectConfigurationPlatforms) = postSolution
		{929EB49A-4881-31DD-943D-77A0EBB9DF91}.DebugGame Editor|IOS.ActiveCfg = BuiltWithUnrealBuildTool|Win64
		{929EB49A-4881-31DD-943D-77A0EBB9DF91}.DebugGame Editor|Linux.ActiveCfg = BuiltWithUnrealBuildTool|Win64
		{929EB49A-4881-31DD-943D-77A0EBB9DF91}.DebugGame Editor|LinuxArm64.ActiveCfg = BuiltWithUnrealBuildTool|Win64
		{929EB49A-4881-31DD-943D-77A0EBB9DF91}.DebugGame Editor|Win64.ActiveCfg = BuiltWithUnrealBuildTool|Win64
		{929EB49A-4881-31DD-943D-77A0EBB9DF91}.DebugGame Server|IOS.ActiveCfg = BuiltWithUnrealBuildTool|Win64
		{929EB49A-4881-31DD-943D-77A0EBB9DF91}.DebugGame Server|Linux.ActiveCfg = BuiltWithUnrealBuildTool|Win64
		{929EB49A-4881-31DD-943D-77A0EBB9DF91}.DebugGame Server|LinuxArm64.ActiveCfg = BuiltWithUnrealBuildTool|Win64
		{929EB49A-4881-31DD-943D-77A0EBB9DF91}.DebugGame Server|Win64.ActiveCfg = BuiltWithUnrealBuildTool|Win64
		{929EB49A-4881-31DD-943D-77A0EBB9DF91}.DebugGame|IOS.ActiveCfg = BuiltWithUnrealBuildTool|Win64
		{929EB49A-4881-31DD-943D-77A0EBB9DF91}.DebugGame|Linux.ActiveCfg = BuiltWithUnrealBuildTool|Win64
		{929EB49A-4881-31DD-943D-77A0EBB9DF91}.DebugGame|LinuxArm64.ActiveCfg = BuiltWithUnrealBuildTool|Win64
		{929EB49A-4881-31DD-943D-77A0EBB9DF91}.DebugGame|Win64.ActiveCfg = BuiltWithUnrealBuildTool|Win64
		{929EB49A-4881-31DD-943D-77A0EBB9DF91}.Development Editor|IOS.ActiveCfg = BuiltWithUnrealBuildTool|Win64
		{929EB49A-4881-31DD-943D-77A0EBB9DF91}.Development Editor|Linux.ActiveCfg = BuiltWithUnrealBuildTool|Win64
		{929EB49A-4881-31DD-943D-77A0EBB9DF91}.Development Editor|LinuxArm64.ActiveCfg = BuiltWithUnrealBuildTool|Win64
		{929EB49A-4881-31DD-943D-77A0EBB9DF91}.Development Editor|Win64.ActiveCfg = BuiltWithUnrealBuildTool|Win64
		{929EB49A-4881-31DD-943D-77A0EBB9DF91}.Development Server|IOS.ActiveCfg = BuiltWithUnrealBuildTool|Win64
		{929EB49A-4881-31DD-943D-77A0EBB9DF91}.Development Server|Linux.ActiveCfg = BuiltWithUnrealBuildTool|Win64
		{929EB49A-4881-31DD-943D-77A0EBB9DF91}.Development Server|LinuxArm64.ActiveCfg = BuiltWithUnrealBuildTool|Win64
		{929EB49A-4881-31DD-943D-77A0EBB9DF91}.Development Server|Win64.ActiveCfg = BuiltWithUnrealBuildTool|Win64
		{929EB49A-4881-31DD-943D-77A0EBB9DF91}.Development|IOS.ActiveCfg = BuiltWithUnrealBuildTool|Win64
		{929EB49A-4881-31DD-943D-77A0EBB9DF91}.Development|Linux.ActiveCfg = BuiltWithUnrealBuildTool|Win64
		{929EB49A-4881-31DD-943D-77A0EBB9DF91}.Development|LinuxArm64.ActiveCfg = BuiltWithUnrealBuildTool|Win64
		{929EB49A-4881-31DD-943D-77A0EBB9DF91}.Development|Win64.ActiveCfg = BuiltWithUnrealBuildTool|Win64
		{929EB49A-4881-31DD-943D-77A0EBB9DF91}.Shipping Server|IOS.ActiveCfg = BuiltWithUnrealBuildTool|Win64
		{929EB49A-4881-31DD-943D-77A0EBB9DF91}.Shipping Server|Linux.ActiveCfg = BuiltWithUnrealBuildTool|Win64
		{929EB49A-4881-31DD-943D-77A0EBB9DF91}.Shipping Server|LinuxArm64.ActiveCfg = BuiltWithUnrealBuildTool|Win64
		{929EB49A-4881-31DD-943D-77A0EBB9DF91}.Shipping Server|Win64.ActiveCfg = BuiltWithUnrealBuildTool|Win64
		{929EB49A-4881-31DD-943D-77A0EBB9DF91}.Shipping|IOS.ActiveCfg = BuiltWithUnrealBuildTool|Win64
		{929EB49A-4881-31DD-943D-77A0EBB9DF91}.Shipping|Linux.ActiveCfg = BuiltWithUnrealBuildTool|Win64
		{929EB49A-4881-31DD-943D-77A0EBB9DF91}.Shipping|LinuxArm64.ActiveCfg = BuiltWithUnrealBuildTool|Win64
		{929EB49A-4881-31DD-943D-77A0EBB9DF91}.Shipping|Win64.ActiveCfg = BuiltWithUnrealBuildTool|Win64
		{C14278E1-7A35-38ED-9B30-7C6631876487}.DebugGame Editor|IOS.ActiveCfg = Invalid|x64
		{C14278E1-7A35-38ED-9B30-7C6631876487}.DebugGame Editor|Linux.ActiveCfg = Linux_DebugGame_Editor|Win64
		{C14278E1-7A35-38ED-9B30-7C6631876487}.DebugGame Editor|Linux.Build.0 = Linux_DebugGame_Editor|Win64
		{C14278E1-7A35-38ED-9B30-7C6631876487}.DebugGame Editor|LinuxArm64.ActiveCfg = Invalid|x64
		{C14278E1-7A35-38ED-9B30-7C6631876487}.DebugGame Editor|Win64.ActiveCfg = DebugGame_Editor|x64
		{C14278E1-7A35-38ED-9B30-7C6631876487}.DebugGame Editor|Win64.Build.0 = DebugGame_Editor|x64
		{C14278E1-7A35-38ED-9B30-7C6631876487}.DebugGame Server|IOS.ActiveCfg = IOS_DebugGame_Server|Win64
		{C14278E1-7A35-38ED-9B30-7C6631876487}.DebugGame Server|IOS.Build.0 = IOS_DebugGame_Server|Win64
		{C14278E1-7A35-38ED-9B30-7C6631876487}.DebugGame Server|Linux.ActiveCfg = Linux_DebugGame_Server|Win64
		{C14278E1-7A35-38ED-9B30-7C6631876487}.DebugGame Server|Linux.Build.0 = Linux_DebugGame_Server|Win64
		{C14278E1-7A35-38ED-9B30-7C6631876487}.DebugGame Server|LinuxArm64.ActiveCfg = LinuxArm64_DebugGame_Server|Win64
		{C14278E1-7A35-38ED-9B30-7C6631876487}.DebugGame Server|LinuxArm64.Build.0 = LinuxArm64_DebugGame_Server|Win64
		{C14278E1-7A35-38ED-9B30-7C6631876487}.DebugGame Server|Win64.ActiveCfg = DebugGame_Server|x64
		{C14278E1-7A35-38ED-9B30-7C6631876487}.DebugGame Server|Win64.Build.0 = DebugGame_Server|x64
		{C14278E1-7A35-38ED-9B30-7C6631876487}.DebugGame|IOS.ActiveCfg = IOS_DebugGame|Win64
		{C14278E1-7A35-38ED-9B30-7C6631876487}.DebugGame|IOS.Build.0 = IOS_DebugGame|Win64
		{C14278E1-7A35-38ED-9B30-7C6631876487}.DebugGame|Linux.ActiveCfg = Linux_DebugGame|Win64
		{C14278E1-7A35-38ED-9B30-7C6631876487}.DebugGame|Linux.Build.0 = Linux_DebugGame|Win64
		{C14278E1-7A35-38ED-9B30-7C6631876487}.DebugGame|LinuxArm64.ActiveCfg = LinuxArm64_DebugGame|Win64
		{C14278E1-7A35-38ED-9B30-7C6631876487}.DebugGame|LinuxArm64.Build.0 = LinuxArm64_DebugGame|Win64
		{C14278E1-7A35-38ED-9B30-7C6631876487}.DebugGame|Win64.ActiveCfg = DebugGame|x64
		{C14278E1-7A35-38ED-9B30-7C6631876487}.DebugGame|Win64.Build.0 = DebugGame|x64
		{C14278E1-7A35-38ED-9B30-7C6631876487}.Development Editor|IOS.ActiveCfg = Invalid|x64
		{C14278E1-7A35-38ED-9B30-7C6631876487}.Development Editor|Linux.ActiveCfg = Linux_Development_Editor|Win64
		{C14278E1-7A35-38ED-9B30-7C6631876487}.Development Editor|Linux.Build.0 = Linux_Development_Editor|Win64
		{C14278E1-7A35-38ED-9B30-7C6631876487}.Development Editor|LinuxArm64.ActiveCfg = Invalid|x64
		{C14278E1-7A35-38ED-9B30-7C6631876487}.Development Editor|Win64.ActiveCfg = Development_Editor|x64
		{C14278E1-7A35-38ED-9B30-7C6631876487}.Development Editor|Win64.Build.0 = Development_Editor|x64
		{C14278E1-7A35-38ED-9B30-7C6631876487}.Development Server|IOS.ActiveCfg = IOS_Development_Server|Win64
		{C14278E1-7A35-38ED-9B30-7C6631876487}.Development Server|IOS.Build.0 = IOS_Development_Server|Win64
		{C14278E1-7A35-38ED-9B30-7C6631876487}.Development Server|Linux.ActiveCfg = Linux_Development_Server|Win64
		{C14278E1-7A35-38ED-9B30-7C6631876487}.Development Server|Linux.Build.0 = Linux_Development_Server|Win64
		{C14278E1-7A35-38ED-9B30-7C6631876487}.Development Server|LinuxArm64.ActiveCfg = LinuxArm64_Development_Server|Win64
		{C14278E1-7A35-38ED-9B30-7C6631876487}.Development Server|LinuxArm64.Build.0 = LinuxArm64_Development_Server|Win64
		{C14278E1-7A35-38ED-9B30-7C6631876487}.Development Server|Win64.ActiveCfg = Development_Server|x64
		{C14278E1-7A35-38ED-9B30-7C6631876487}.Development Server|Win64.Build.0 = Development_Server|x64
		{C14278E1-7A35-38ED-9B30-7C6631876487}.Development|IOS.ActiveCfg = IOS_Development|Win64
		{C14278E1-7A35-38ED-9B30-7C6631876487}.Development|IOS.Build.0 = IOS_Development|Win64
		{C14278E1-7A35-38ED-9B30-7C6631876487}.Development|Linux.ActiveCfg = Linux_Development|Win64
		{C14278E1-7A35-38ED-9B30-7C6631876487}.Development|Linux.Build.0 = Linux_Development|Win64
		{C14278E1-7A35-38ED-9B30-7C6631876487}.Development|LinuxArm64.ActiveCfg = LinuxArm64_Development|Win64
		{C14278E1-7A35-38ED-9B30-7C6631876487}.Development|LinuxArm64.Build.0 = LinuxArm64_Development|Win64
		{C14278E1-7A35-38ED-9B30-7C6631876487}.Development|Win64.ActiveCfg = Development|x64
		{C14278E1-7A35-38ED-9B30-7C6631876487}.Development|Win64.Build.0 = Development|x64
		{C14278E1-7A35-38ED-9B30-7C6631876487}.Shipping Server|IOS.ActiveCfg = IOS_Shipping_Server|Win64
		{C14278E1-7A35-38ED-9B30-7C6631876487}.Shipping Server|IOS.Build.0 = IOS_Shipping_Server|Win64
		{C14278E1-7A35-38ED-9B30-7C6631876487}.Shipping Server|Linux.ActiveCfg = Linux_Shipping_Server|Win64
		{C14278E1-7A35-38ED-9B30-7C6631876487}.Shipping Server|Linux.Build.0 = Linux_Shipping_Server|Win64
		{C14278E1-7A35-38ED-9B30-7C6631876487}.Shipping Server|LinuxArm64.ActiveCfg = LinuxArm64_Shipping_Server|Win64
		{C14278E1-7A35-38ED-9B30-7C6631876487}.Shipping Server|LinuxArm64.Build.0 = LinuxArm64_Shipping_Server|Win64
		{C14278E1-7A35-38ED-9B30-7C6631876487}.Shipping Server|Win64.ActiveCfg = Shipping_Server|x64
		{C14278E1-7A35-38ED-9B30-7C6631876487}.Shipping Server|Win64.Build.0 = Shipping_Server|x64
		{C14278E1-7A35-38ED-9B30-7C6631876487}.Shipping|IOS.ActiveCfg = IOS_Shipping|Win64
		{C14278E1-7A35-38ED-9B30-7C6631876487}.Shipping|IOS.Build.0 = IOS_Shipping|Win64
		{C14278E1-7A35-38ED-9B30-7C6631876487}.Shipping|Linux.ActiveCfg = Linux_Shipping|Win64
		{C14278E1-7A35-38ED-9B30-7C6631876487}.Shipping|Linux.Build.0 = Linux_Shipping|Win64
		{C14278E1-7A35-38ED-9B30-7C6631876487}.Shipping|LinuxArm64.ActiveCfg = LinuxArm64_Shipping|Win64
		{C14278E1-7A35-38ED-9B30-7C6631876487}.Shipping|LinuxArm64.Build.0 = LinuxArm64_Shipping|Win64
		{C14278E1-7A35-38ED-9B30-7C6631876487}.Shipping|Win64.ActiveCfg = Shipping|x64
		{C14278E1-7A35-38ED-9B30-7C6631876487}.Shipping|Win64.Build.0 = Shipping|x64
	EndGlobalSection
	GlobalSection(SolutionProperties) = preSolution
		HideSolutionNode = FALSE
	EndGlobalSection
	GlobalSection(NestedProjects) = preSolution
		{929EB49A-4881-31DD-943D-77A0EBB9DF91} = {233774A8-CC9D-3FA9-86D1-90573E92B704}
		{C14278E1-7A35-38ED-9B30-7C6631876487} = {DE1F8B53-6C02-3C13-9101-A7C8D96F3FF6}
	EndGlobalSection
EndGlobal
